
Microsoft Visual Studio Solution File, Format Version 12.00
# Visual Studio 14
VisualStudioVersion = 14.0.25420.1
MinimumVisualStudioVersion = 10.0.40219.1
Project("{FAE04EC0-301F-11D3-BF4B-00C04F79EFBC}") = "SimpleSideDrawer", "SimpleSideDrawer\SimpleSideDrawer.csproj", "{839D8EC7-D95E-494D-9B3F-F60665768B5D}"
EndProject
Global
	GlobalSection(SolutionConfigurationPlatforms) = preSolution
		Debug|Any CPU = Debug|Any CPU
		Release|Any CPU = Release|Any CPU
	EndGlobalSection
	GlobalSection(ProjectConfigurationPlatforms) = postSolution
		{839D8EC7-D95E-494D-9B3F-F60665768B5D}.Debug|Any CPU.ActiveCfg = Debug|Any CPU
		{839D8EC7-D95E-494D-9B3F-F60665768B5D}.Debug|Any CPU.Build.0 = Debug|Any CPU
		{839D8EC7-D95E-494D-9B3F-F60665768B5D}.Release|Any CPU.ActiveCfg = Release|Any CPU
		{839D8EC7-D95E-494D-9B3F-F60665768B5D}.Release|Any CPU.Build.0 = Release|Any CPU
	EndGlobalSection
	GlobalSection(SolutionProperties) = preSolution
		HideSolutionNode = FALSE
	EndGlobalSection
EndGlobal
